
Microsoft Visual Studio Solution File, Format Version 12.00
# Visual Studio 2012
Project("{2150E333-8FDC-42A3-9474-1A3956D46DE8}") = "ClassLibary", "ClassLibary", "{D52097BF-901D-4D61-B9C0-1F7A407F9A14}"
EndProject
Project("{FAE04EC0-301F-11D3-BF4B-00C04F79EFBC}") = "YK.Common", "YK.Common\YK.Common.csproj", "{B2AC6C0E-1121-4242-A6FE-39606EF7C694}"
EndProject
Project("{FAE04EC0-301F-11D3-BF4B-00C04F79EFBC}") = "YK.Model", "YK.Model\YK.Model.csproj", "{E48E8E78-D351-46B5-BC48-C4C82D2CD998}"
EndProject
Project("{FAE04EC0-301F-11D3-BF4B-00C04F79EFBC}") = "YK.Interface", "YK.Interface\YK.Interface.csproj", "{45C63EB2-DD92-4FD1-BFF6-A447629C3CF6}"
EndProject
Project("{FAE04EC0-301F-11D3-BF4B-00C04F79EFBC}") = "YK.Controls", "YK.Controls\YK.Controls.csproj", "{E857A5B5-FE51-402C-B6ED-B8094B2FD53A}"
EndProject
Project("{FAE04EC0-301F-11D3-BF4B-00C04F79EFBC}") = "YK.Core", "YK.Core\YK.Core.csproj", "{79045B32-6AFF-4418-8236-EE89F0430CFD}"
EndProject
Project("{FAE04EC0-301F-11D3-BF4B-00C04F79EFBC}") = "QWeiboSDK", "QWeiboSDK\QWeiboSDK.csproj", "{91F5A411-031C-49D9-9743-F3DED1333F58}"
EndProject
Project("{FAE04EC0-301F-11D3-BF4B-00C04F79EFBC}") = "YK.BLL", "YK.BLL\YK.BLL.csproj", "{35343C16-DB5B-48A5-8969-EE8A75AB9C20}"
EndProject
Project("{2150E333-8FDC-42A3-9474-1A3956D46DE8}") = "01.YK.Models", "01.YK.Models", "{EBE971CD-3199-4DF0-AF56-2AC5DBD2F470}"
EndProject
Project("{2150E333-8FDC-42A3-9474-1A3956D46DE8}") = "02.YK.Interfaces", "02.YK.Interfaces", "{4259FE84-FEAA-48E0-B8A4-D502800F444B}"
EndProject
Project("{2150E333-8FDC-42A3-9474-1A3956D46DE8}") = "03.YK.BLLs", "03.YK.BLLs", "{0E1478F4-3DB5-4ABF-BB66-578B58AC9E88}"
EndProject
Project("{FAE04EC0-301F-11D3-BF4B-00C04F79EFBC}") = "YK.Model.Organization", "01.YK.Models\YK.Model.Organization\YK.Model.Organization.csproj", "{BBCB33C3-B583-4C7C-AA7B-D3F3ABF9304A}"
EndProject
Project("{FAE04EC0-301F-11D3-BF4B-00C04F79EFBC}") = "YK.Model.Systems", "01.YK.Models\YK.Model.Systems\YK.Model.Systems.csproj", "{3D988AF7-2E86-4AA0-9CB4-DFEC89548D9C}"
EndProject
Project("{FAE04EC0-301F-11D3-BF4B-00C04F79EFBC}") = "YK.Interface.Organization", "02.YK.Interfaces\YK.Interface.Organization\YK.Interface.Organization.csproj", "{AFA0EBEE-CC1B-402A-8357-17E9AC5D2385}"
EndProject
Project("{FAE04EC0-301F-11D3-BF4B-00C04F79EFBC}") = "YK.Interface.Systems", "02.YK.Interfaces\YK.Interface.Systems\YK.Interface.Systems.csproj", "{EDD94978-8A6A-448C-8384-28AEFAAE1AAB}"
EndProject
Project("{FAE04EC0-301F-11D3-BF4B-00C04F79EFBC}") = "YK.BLL.Organization", "03.YK.BLLs\YK.BLL.Organization\YK.BLL.Organization.csproj", "{BF91A3B8-80CA-4E04-844E-D7B4CE1F8F02}"
EndProject
Project("{FAE04EC0-301F-11D3-BF4B-00C04F79EFBC}") = "YK.BLL.Systems", "03.YK.BLLs\YK.BLL.Systems\YK.BLL.Systems.csproj", "{F379870C-50DE-47BF-BD49-9A8F60FCF501}"
EndProject
Project("{2150E333-8FDC-42A3-9474-1A3956D46DE8}") = "06.YK.Services", "06.YK.Services", "{A0C22DDC-773C-4AFE-B46D-4BEE8CA97E74}"
EndProject
Project("{FAE04EC0-301F-11D3-BF4B-00C04F79EFBC}") = "YK.Service.Organization", "06.YK.Services\YK.Service.Organization\YK.Service.Organization.csproj", "{FEDC7CCC-E2EB-437E-BC47-E7F58521654E}"
EndProject
Project("{FAE04EC0-301F-11D3-BF4B-00C04F79EFBC}") = "YK.Service.Systems", "06.YK.Services\YK.Service.Systems\YK.Service.Systems.csproj", "{DF799FC1-FA48-419B-8D43-CD016C4B9DF6}"
EndProject
Project("{FAE04EC0-301F-11D3-BF4B-00C04F79EFBC}") = "YK.BLL.Common", "03.YK.BLLs\YK.BLL.Common\YK.BLL.Common.csproj", "{2BF814B1-974A-4F3A-8D87-9EB70AD7F078}"
EndProject
Project("{FAE04EC0-301F-11D3-BF4B-00C04F79EFBC}") = "YK.Interface.Common", "02.YK.Interfaces\YK.Interface.Common\YK.Interface.Common.csproj", "{9B6F62B4-44C3-4D21-A9B6-8C013771846B}"
EndProject
Project("{FAE04EC0-301F-11D3-BF4B-00C04F79EFBC}") = "YK.Service.Common", "06.YK.Services\YK.Service.Common\YK.Service.Common.csproj", "{37CCB411-9F75-4DD2-ADC8-F15369C4C457}"
EndProject
Project("{FAE04EC0-301F-11D3-BF4B-00C04F79EFBC}") = "YK.Cache", "YK.Cache\YK.Cache.csproj", "{0BA1C14A-B63A-45BD-AFE7-CA35D52D801E}"
EndProject
Project("{FAE04EC0-301F-11D3-BF4B-00C04F79EFBC}") = "YK.Service", "YK.Service\YK.Service.csproj", "{5F3E6386-7323-4945-8F59-DB339181450B}"
EndProject
Project("{2150E333-8FDC-42A3-9474-1A3956D46DE8}") = "WebApi", "WebApi", "{0834630D-CEFE-4E6B-992F-5233999DE4A2}"
EndProject
Project("{FAE04EC0-301F-11D3-BF4B-00C04F79EFBC}") = "YK.Models.Examination", "01.YK.Models\YK.Models.Examination\YK.Models.Examination.csproj", "{9FC4B700-3C87-436A-9304-2A0FA364F351}"
EndProject
Project("{FAE04EC0-301F-11D3-BF4B-00C04F79EFBC}") = "YK.Interfaces.Examination", "02.YK.Interfaces\YK.Interfaces.Examination\YK.Interfaces.Examination.csproj", "{BB47E5CD-55C3-4298-9497-0982E3281F88}"
EndProject
Project("{FAE04EC0-301F-11D3-BF4B-00C04F79EFBC}") = "YK.BLLs.Examination", "03.YK.BLLs\YK.BLLs.Examination\YK.BLLs.Examination.csproj", "{25CAF494-D917-4ED7-BDE8-9A68FC927B81}"
EndProject
Project("{FAE04EC0-301F-11D3-BF4B-00C04F79EFBC}") = "YK.Services.Examination", "06.YK.Services\YK.Services.Examination\YK.Services.Examination.csproj", "{B5A923AB-06D8-4A60-8B55-A6D293F4062F}"
EndProject
Project("{FAE04EC0-301F-11D3-BF4B-00C04F79EFBC}") = "YK.Model.CRM", "01.YK.Models\YK.Model.CRM\YK.Model.CRM.csproj", "{998A873D-959C-475C-ABB8-8163107F9D37}"
EndProject
Project("{FAE04EC0-301F-11D3-BF4B-00C04F79EFBC}") = "YK.Interface.CRM", "02.YK.Interfaces\YK.Interface.CRM\YK.Interface.CRM.csproj", "{D0D0007C-9F91-47AD-85A2-EFA65BF07857}"
EndProject
Project("{FAE04EC0-301F-11D3-BF4B-00C04F79EFBC}") = "YK.BLL.CRM", "03.YK.BLLs\YK.BLL.CRM\YK.BLL.CRM.csproj", "{76134DF9-E3D7-4C02-BF91-2EA2F56F1F04}"
EndProject
Project("{FAE04EC0-301F-11D3-BF4B-00C04F79EFBC}") = "WebApi", "WebApi\WebApi.csproj", "{460F4EEF-6FD2-491D-8927-41BBEA52F095}"
EndProject
Project("{FAE04EC0-301F-11D3-BF4B-00C04F79EFBC}") = "MobileWeb", "MobileWeb\MobileWeb.csproj", "{8BD2D3FC-0093-4B18-A480-B26EF58C6EA4}"
EndProject
Global
	GlobalSection(SolutionConfigurationPlatforms) = preSolution
		Debug|.NET = Debug|.NET
		Debug|Any CPU = Debug|Any CPU
		Debug|Mixed Platforms = Debug|Mixed Platforms
		Debug|x86 = Debug|x86
		Release|.NET = Release|.NET
		Release|Any CPU = Release|Any CPU
		Release|Mixed Platforms = Release|Mixed Platforms
		Release|x86 = Release|x86
	EndGlobalSection
	GlobalSection(ProjectConfigurationPlatforms) = postSolution
		{B2AC6C0E-1121-4242-A6FE-39606EF7C694}.Debug|.NET.ActiveCfg = Debug|Any CPU
		{B2AC6C0E-1121-4242-A6FE-39606EF7C694}.Debug|Any CPU.ActiveCfg = Debug|Any CPU
		{B2AC6C0E-1121-4242-A6FE-39606EF7C694}.Debug|Any CPU.Build.0 = Debug|Any CPU
		{B2AC6C0E-1121-4242-A6FE-39606EF7C694}.Debug|Mixed Platforms.ActiveCfg = Debug|Any CPU
		{B2AC6C0E-1121-4242-A6FE-39606EF7C694}.Debug|Mixed Platforms.Build.0 = Debug|Any CPU
		{B2AC6C0E-1121-4242-A6FE-39606EF7C694}.Debug|x86.ActiveCfg = Debug|Any CPU
		{B2AC6C0E-1121-4242-A6FE-39606EF7C694}.Release|.NET.ActiveCfg = Release|Any CPU
		{B2AC6C0E-1121-4242-A6FE-39606EF7C694}.Release|Any CPU.ActiveCfg = Release|Any CPU
		{B2AC6C0E-1121-4242-A6FE-39606EF7C694}.Release|Any CPU.Build.0 = Release|Any CPU
		{B2AC6C0E-1121-4242-A6FE-39606EF7C694}.Release|Mixed Platforms.ActiveCfg = Release|Any CPU
		{B2AC6C0E-1121-4242-A6FE-39606EF7C694}.Release|Mixed Platforms.Build.0 = Release|Any CPU
		{B2AC6C0E-1121-4242-A6FE-39606EF7C694}.Release|x86.ActiveCfg = Release|Any CPU
		{E48E8E78-D351-46B5-BC48-C4C82D2CD998}.Debug|.NET.ActiveCfg = Debug|Any CPU
		{E48E8E78-D351-46B5-BC48-C4C82D2CD998}.Debug|Any CPU.ActiveCfg = Debug|Any CPU
		{E48E8E78-D351-46B5-BC48-C4C82D2CD998}.Debug|Any CPU.Build.0 = Debug|Any CPU
		{E48E8E78-D351-46B5-BC48-C4C82D2CD998}.Debug|Mixed Platforms.ActiveCfg = Debug|Any CPU
		{E48E8E78-D351-46B5-BC48-C4C82D2CD998}.Debug|Mixed Platforms.Build.0 = Debug|Any CPU
		{E48E8E78-D351-46B5-BC48-C4C82D2CD998}.Debug|x86.ActiveCfg = Debug|Any CPU
		{E48E8E78-D351-46B5-BC48-C4C82D2CD998}.Release|.NET.ActiveCfg = Release|Any CPU
		{E48E8E78-D351-46B5-BC48-C4C82D2CD998}.Release|Any CPU.ActiveCfg = Release|Any CPU
		{E48E8E78-D351-46B5-BC48-C4C82D2CD998}.Release|Any CPU.Build.0 = Release|Any CPU
		{E48E8E78-D351-46B5-BC48-C4C82D2CD998}.Release|Mixed Platforms.ActiveCfg = Release|Any CPU
		{E48E8E78-D351-46B5-BC48-C4C82D2CD998}.Release|Mixed Platforms.Build.0 = Release|Any CPU
		{E48E8E78-D351-46B5-BC48-C4C82D2CD998}.Release|x86.ActiveCfg = Release|Any CPU
		{45C63EB2-DD92-4FD1-BFF6-A447629C3CF6}.Debug|.NET.ActiveCfg = Debug|Any CPU
		{45C63EB2-DD92-4FD1-BFF6-A447629C3CF6}.Debug|Any CPU.ActiveCfg = Debug|Any CPU
		{45C63EB2-DD92-4FD1-BFF6-A447629C3CF6}.Debug|Any CPU.Build.0 = Debug|Any CPU
		{45C63EB2-DD92-4FD1-BFF6-A447629C3CF6}.Debug|Mixed Platforms.ActiveCfg = Debug|Any CPU
		{45C63EB2-DD92-4FD1-BFF6-A447629C3CF6}.Debug|Mixed Platforms.Build.0 = Debug|Any CPU
		{45C63EB2-DD92-4FD1-BFF6-A447629C3CF6}.Debug|x86.ActiveCfg = Debug|Any CPU
		{45C63EB2-DD92-4FD1-BFF6-A447629C3CF6}.Release|.NET.ActiveCfg = Release|Any CPU
		{45C63EB2-DD92-4FD1-BFF6-A447629C3CF6}.Release|Any CPU.ActiveCfg = Release|Any CPU
		{45C63EB2-DD92-4FD1-BFF6-A447629C3CF6}.Release|Any CPU.Build.0 = Release|Any CPU
		{45C63EB2-DD92-4FD1-BFF6-A447629C3CF6}.Release|Mixed Platforms.ActiveCfg = Release|Any CPU
		{45C63EB2-DD92-4FD1-BFF6-A447629C3CF6}.Release|Mixed Platforms.Build.0 = Release|Any CPU
		{45C63EB2-DD92-4FD1-BFF6-A447629C3CF6}.Release|x86.ActiveCfg = Release|Any CPU
		{E857A5B5-FE51-402C-B6ED-B8094B2FD53A}.Debug|.NET.ActiveCfg = Debug|Any CPU
		{E857A5B5-FE51-402C-B6ED-B8094B2FD53A}.Debug|Any CPU.ActiveCfg = Debug|Any CPU
		{E857A5B5-FE51-402C-B6ED-B8094B2FD53A}.Debug|Any CPU.Build.0 = Debug|Any CPU
		{E857A5B5-FE51-402C-B6ED-B8094B2FD53A}.Debug|Mixed Platforms.ActiveCfg = Debug|Any CPU
		{E857A5B5-FE51-402C-B6ED-B8094B2FD53A}.Debug|Mixed Platforms.Build.0 = Debug|Any CPU
		{E857A5B5-FE51-402C-B6ED-B8094B2FD53A}.Debug|x86.ActiveCfg = Debug|Any CPU
		{E857A5B5-FE51-402C-B6ED-B8094B2FD53A}.Release|.NET.ActiveCfg = Release|Any CPU
		{E857A5B5-FE51-402C-B6ED-B8094B2FD53A}.Release|Any CPU.ActiveCfg = Release|Any CPU
		{E857A5B5-FE51-402C-B6ED-B8094B2FD53A}.Release|Any CPU.Build.0 = Release|Any CPU
		{E857A5B5-FE51-402C-B6ED-B8094B2FD53A}.Release|Mixed Platforms.ActiveCfg = Release|Any CPU
		{E857A5B5-FE51-402C-B6ED-B8094B2FD53A}.Release|Mixed Platforms.Build.0 = Release|Any CPU
		{E857A5B5-FE51-402C-B6ED-B8094B2FD53A}.Release|x86.ActiveCfg = Release|Any CPU
		{79045B32-6AFF-4418-8236-EE89F0430CFD}.Debug|.NET.ActiveCfg = Debug|Any CPU
		{79045B32-6AFF-4418-8236-EE89F0430CFD}.Debug|Any CPU.ActiveCfg = Debug|Any CPU
		{79045B32-6AFF-4418-8236-EE89F0430CFD}.Debug|Any CPU.Build.0 = Debug|Any CPU
		{79045B32-6AFF-4418-8236-EE89F0430CFD}.Debug|Mixed Platforms.ActiveCfg = Debug|Any CPU
		{79045B32-6AFF-4418-8236-EE89F0430CFD}.Debug|Mixed Platforms.Build.0 = Debug|Any CPU
		{79045B32-6AFF-4418-8236-EE89F0430CFD}.Debug|x86.ActiveCfg = Debug|Any CPU
		{79045B32-6AFF-4418-8236-EE89F0430CFD}.Release|.NET.ActiveCfg = Release|Any CPU
		{79045B32-6AFF-4418-8236-EE89F0430CFD}.Release|Any CPU.ActiveCfg = Release|Any CPU
		{79045B32-6AFF-4418-8236-EE89F0430CFD}.Release|Any CPU.Build.0 = Release|Any CPU
		{79045B32-6AFF-4418-8236-EE89F0430CFD}.Release|Mixed Platforms.ActiveCfg = Release|Any CPU
		{79045B32-6AFF-4418-8236-EE89F0430CFD}.Release|Mixed Platforms.Build.0 = Release|Any CPU
		{79045B32-6AFF-4418-8236-EE89F0430CFD}.Release|x86.ActiveCfg = Release|Any CPU
		{91F5A411-031C-49D9-9743-F3DED1333F58}.Debug|.NET.ActiveCfg = Debug|Any CPU
		{91F5A411-031C-49D9-9743-F3DED1333F58}.Debug|Any CPU.ActiveCfg = Debug|Any CPU
		{91F5A411-031C-49D9-9743-F3DED1333F58}.Debug|Any CPU.Build.0 = Debug|Any CPU
		{91F5A411-031C-49D9-9743-F3DED1333F58}.Debug|Mixed Platforms.ActiveCfg = Debug|Any CPU
		{91F5A411-031C-49D9-9743-F3DED1333F58}.Debug|Mixed Platforms.Build.0 = Debug|Any CPU
		{91F5A411-031C-49D9-9743-F3DED1333F58}.Debug|x86.ActiveCfg = Debug|Any CPU
		{91F5A411-031C-49D9-9743-F3DED1333F58}.Release|.NET.ActiveCfg = Release|Any CPU
		{91F5A411-031C-49D9-9743-F3DED1333F58}.Release|Any CPU.ActiveCfg = Release|Any CPU
		{91F5A411-031C-49D9-9743-F3DED1333F58}.Release|Any CPU.Build.0 = Release|Any CPU
		{91F5A411-031C-49D9-9743-F3DED1333F58}.Release|Mixed Platforms.ActiveCfg = Release|Any CPU
		{91F5A411-031C-49D9-9743-F3DED1333F58}.Release|Mixed Platforms.Build.0 = Release|Any CPU
		{91F5A411-031C-49D9-9743-F3DED1333F58}.Release|x86.ActiveCfg = Release|Any CPU
		{35343C16-DB5B-48A5-8969-EE8A75AB9C20}.Debug|.NET.ActiveCfg = Debug|Any CPU
		{35343C16-DB5B-48A5-8969-EE8A75AB9C20}.Debug|Any CPU.ActiveCfg = Debug|Any CPU
		{35343C16-DB5B-48A5-8969-EE8A75AB9C20}.Debug|Any CPU.Build.0 = Debug|Any CPU
		{35343C16-DB5B-48A5-8969-EE8A75AB9C20}.Debug|Mixed Platforms.ActiveCfg = Debug|Any CPU
		{35343C16-DB5B-48A5-8969-EE8A75AB9C20}.Debug|Mixed Platforms.Build.0 = Debug|Any CPU
		{35343C16-DB5B-48A5-8969-EE8A75AB9C20}.Debug|x86.ActiveCfg = Debug|Any CPU
		{35343C16-DB5B-48A5-8969-EE8A75AB9C20}.Release|.NET.ActiveCfg = Release|Any CPU
		{35343C16-DB5B-48A5-8969-EE8A75AB9C20}.Release|Any CPU.ActiveCfg = Release|Any CPU
		{35343C16-DB5B-48A5-8969-EE8A75AB9C20}.Release|Any CPU.Build.0 = Release|Any CPU
		{35343C16-DB5B-48A5-8969-EE8A75AB9C20}.Release|Mixed Platforms.ActiveCfg = Release|Any CPU
		{35343C16-DB5B-48A5-8969-EE8A75AB9C20}.Release|Mixed Platforms.Build.0 = Release|Any CPU
		{35343C16-DB5B-48A5-8969-EE8A75AB9C20}.Release|x86.ActiveCfg = Release|Any CPU
		{BBCB33C3-B583-4C7C-AA7B-D3F3ABF9304A}.Debug|.NET.ActiveCfg = Debug|Any CPU
		{BBCB33C3-B583-4C7C-AA7B-D3F3ABF9304A}.Debug|Any CPU.ActiveCfg = Debug|Any CPU
		{BBCB33C3-B583-4C7C-AA7B-D3F3ABF9304A}.Debug|Any CPU.Build.0 = Debug|Any CPU
		{BBCB33C3-B583-4C7C-AA7B-D3F3ABF9304A}.Debug|Mixed Platforms.ActiveCfg = Debug|Any CPU
		{BBCB33C3-B583-4C7C-AA7B-D3F3ABF9304A}.Debug|Mixed Platforms.Build.0 = Debug|Any CPU
		{BBCB33C3-B583-4C7C-AA7B-D3F3ABF9304A}.Debug|x86.ActiveCfg = Debug|Any CPU
		{BBCB33C3-B583-4C7C-AA7B-D3F3ABF9304A}.Release|.NET.ActiveCfg = Release|Any CPU
		{BBCB33C3-B583-4C7C-AA7B-D3F3ABF9304A}.Release|Any CPU.ActiveCfg = Release|Any CPU
		{BBCB33C3-B583-4C7C-AA7B-D3F3ABF9304A}.Release|Any CPU.Build.0 = Release|Any CPU
		{BBCB33C3-B583-4C7C-AA7B-D3F3ABF9304A}.Release|Mixed Platforms.ActiveCfg = Release|Any CPU
		{BBCB33C3-B583-4C7C-AA7B-D3F3ABF9304A}.Release|Mixed Platforms.Build.0 = Release|Any CPU
		{BBCB33C3-B583-4C7C-AA7B-D3F3ABF9304A}.Release|x86.ActiveCfg = Release|Any CPU
		{3D988AF7-2E86-4AA0-9CB4-DFEC89548D9C}.Debug|.NET.ActiveCfg = Debug|Any CPU
		{3D988AF7-2E86-4AA0-9CB4-DFEC89548D9C}.Debug|Any CPU.ActiveCfg = Debug|Any CPU
		{3D988AF7-2E86-4AA0-9CB4-DFEC89548D9C}.Debug|Any CPU.Build.0 = Debug|Any CPU
		{3D988AF7-2E86-4AA0-9CB4-DFEC89548D9C}.Debug|Mixed Platforms.ActiveCfg = Debug|Any CPU
		{3D988AF7-2E86-4AA0-9CB4-DFEC89548D9C}.Debug|Mixed Platforms.Build.0 = Debug|Any CPU
		{3D988AF7-2E86-4AA0-9CB4-DFEC89548D9C}.Debug|x86.ActiveCfg = Debug|Any CPU
		{3D988AF7-2E86-4AA0-9CB4-DFEC89548D9C}.Release|.NET.ActiveCfg = Release|Any CPU
		{3D988AF7-2E86-4AA0-9CB4-DFEC89548D9C}.Release|Any CPU.ActiveCfg = Release|Any CPU
		{3D988AF7-2E86-4AA0-9CB4-DFEC89548D9C}.Release|Any CPU.Build.0 = Release|Any CPU
		{3D988AF7-2E86-4AA0-9CB4-DFEC89548D9C}.Release|Mixed Platforms.ActiveCfg = Release|Any CPU
		{3D988AF7-2E86-4AA0-9CB4-DFEC89548D9C}.Release|Mixed Platforms.Build.0 = Release|Any CPU
		{3D988AF7-2E86-4AA0-9CB4-DFEC89548D9C}.Release|x86.ActiveCfg = Release|Any CPU
		{AFA0EBEE-CC1B-402A-8357-17E9AC5D2385}.Debug|.NET.ActiveCfg = Debug|Any CPU
		{AFA0EBEE-CC1B-402A-8357-17E9AC5D2385}.Debug|Any CPU.ActiveCfg = Debug|Any CPU
		{AFA0EBEE-CC1B-402A-8357-17E9AC5D2385}.Debug|Any CPU.Build.0 = Debug|Any CPU
		{AFA0EBEE-CC1B-402A-8357-17E9AC5D2385}.Debug|Mixed Platforms.ActiveCfg = Debug|Any CPU
		{AFA0EBEE-CC1B-402A-8357-17E9AC5D2385}.Debug|Mixed Platforms.Build.0 = Debug|Any CPU
		{AFA0EBEE-CC1B-402A-8357-17E9AC5D2385}.Debug|x86.ActiveCfg = Debug|Any CPU
		{AFA0EBEE-CC1B-402A-8357-17E9AC5D2385}.Release|.NET.ActiveCfg = Release|Any CPU
		{AFA0EBEE-CC1B-402A-8357-17E9AC5D2385}.Release|Any CPU.ActiveCfg = Release|Any CPU
		{AFA0EBEE-CC1B-402A-8357-17E9AC5D2385}.Release|Any CPU.Build.0 = Release|Any CPU
		{AFA0EBEE-CC1B-402A-8357-17E9AC5D2385}.Release|Mixed Platforms.ActiveCfg = Release|Any CPU
		{AFA0EBEE-CC1B-402A-8357-17E9AC5D2385}.Release|Mixed Platforms.Build.0 = Release|Any CPU
		{AFA0EBEE-CC1B-402A-8357-17E9AC5D2385}.Release|x86.ActiveCfg = Release|Any CPU
		{EDD94978-8A6A-448C-8384-28AEFAAE1AAB}.Debug|.NET.ActiveCfg = Debug|Any CPU
		{EDD94978-8A6A-448C-8384-28AEFAAE1AAB}.Debug|Any CPU.ActiveCfg = Debug|Any CPU
		{EDD94978-8A6A-448C-8384-28AEFAAE1AAB}.Debug|Any CPU.Build.0 = Debug|Any CPU
		{EDD94978-8A6A-448C-8384-28AEFAAE1AAB}.Debug|Mixed Platforms.ActiveCfg = Debug|Any CPU
		{EDD94978-8A6A-448C-8384-28AEFAAE1AAB}.Debug|Mixed Platforms.Build.0 = Debug|Any CPU
		{EDD94978-8A6A-448C-8384-28AEFAAE1AAB}.Debug|x86.ActiveCfg = Debug|Any CPU
		{EDD94978-8A6A-448C-8384-28AEFAAE1AAB}.Release|.NET.ActiveCfg = Release|Any CPU
		{EDD94978-8A6A-448C-8384-28AEFAAE1AAB}.Release|Any CPU.ActiveCfg = Release|Any CPU
		{EDD94978-8A6A-448C-8384-28AEFAAE1AAB}.Release|Any CPU.Build.0 = Release|Any CPU
		{EDD94978-8A6A-448C-8384-28AEFAAE1AAB}.Release|Mixed Platforms.ActiveCfg = Release|Any CPU
		{EDD94978-8A6A-448C-8384-28AEFAAE1AAB}.Release|Mixed Platforms.Build.0 = Release|Any CPU
		{EDD94978-8A6A-448C-8384-28AEFAAE1AAB}.Release|x86.ActiveCfg = Release|Any CPU
		{BF91A3B8-80CA-4E04-844E-D7B4CE1F8F02}.Debug|.NET.ActiveCfg = Debug|Any CPU
		{BF91A3B8-80CA-4E04-844E-D7B4CE1F8F02}.Debug|Any CPU.ActiveCfg = Debug|Any CPU
		{BF91A3B8-80CA-4E04-844E-D7B4CE1F8F02}.Debug|Any CPU.Build.0 = Debug|Any CPU
		{BF91A3B8-80CA-4E04-844E-D7B4CE1F8F02}.Debug|Mixed Platforms.ActiveCfg = Debug|Any CPU
		{BF91A3B8-80CA-4E04-844E-D7B4CE1F8F02}.Debug|Mixed Platforms.Build.0 = Debug|Any CPU
		{BF91A3B8-80CA-4E04-844E-D7B4CE1F8F02}.Debug|x86.ActiveCfg = Debug|Any CPU
		{BF91A3B8-80CA-4E04-844E-D7B4CE1F8F02}.Release|.NET.ActiveCfg = Release|Any CPU
		{BF91A3B8-80CA-4E04-844E-D7B4CE1F8F02}.Release|Any CPU.ActiveCfg = Release|Any CPU
		{BF91A3B8-80CA-4E04-844E-D7B4CE1F8F02}.Release|Any CPU.Build.0 = Release|Any CPU
		{BF91A3B8-80CA-4E04-844E-D7B4CE1F8F02}.Release|Mixed Platforms.ActiveCfg = Release|Any CPU
		{BF91A3B8-80CA-4E04-844E-D7B4CE1F8F02}.Release|Mixed Platforms.Build.0 = Release|Any CPU
		{BF91A3B8-80CA-4E04-844E-D7B4CE1F8F02}.Release|x86.ActiveCfg = Release|Any CPU
		{F379870C-50DE-47BF-BD49-9A8F60FCF501}.Debug|.NET.ActiveCfg = Debug|Any CPU
		{F379870C-50DE-47BF-BD49-9A8F60FCF501}.Debug|Any CPU.ActiveCfg = Debug|Any CPU
		{F379870C-50DE-47BF-BD49-9A8F60FCF501}.Debug|Any CPU.Build.0 = Debug|Any CPU
		{F379870C-50DE-47BF-BD49-9A8F60FCF501}.Debug|Mixed Platforms.ActiveCfg = Debug|Any CPU
		{F379870C-50DE-47BF-BD49-9A8F60FCF501}.Debug|Mixed Platforms.Build.0 = Debug|Any CPU
		{F379870C-50DE-47BF-BD49-9A8F60FCF501}.Debug|x86.ActiveCfg = Debug|Any CPU
		{F379870C-50DE-47BF-BD49-9A8F60FCF501}.Release|.NET.ActiveCfg = Release|Any CPU
		{F379870C-50DE-47BF-BD49-9A8F60FCF501}.Release|Any CPU.ActiveCfg = Release|Any CPU
		{F379870C-50DE-47BF-BD49-9A8F60FCF501}.Release|Any CPU.Build.0 = Release|Any CPU
		{F379870C-50DE-47BF-BD49-9A8F60FCF501}.Release|Mixed Platforms.ActiveCfg = Release|Any CPU
		{F379870C-50DE-47BF-BD49-9A8F60FCF501}.Release|Mixed Platforms.Build.0 = Release|Any CPU
		{F379870C-50DE-47BF-BD49-9A8F60FCF501}.Release|x86.ActiveCfg = Release|Any CPU
		{FEDC7CCC-E2EB-437E-BC47-E7F58521654E}.Debug|.NET.ActiveCfg = Debug|Any CPU
		{FEDC7CCC-E2EB-437E-BC47-E7F58521654E}.Debug|Any CPU.ActiveCfg = Debug|Any CPU
		{FEDC7CCC-E2EB-437E-BC47-E7F58521654E}.Debug|Any CPU.Build.0 = Debug|Any CPU
		{FEDC7CCC-E2EB-437E-BC47-E7F58521654E}.Debug|Mixed Platforms.ActiveCfg = Debug|Any CPU
		{FEDC7CCC-E2EB-437E-BC47-E7F58521654E}.Debug|Mixed Platforms.Build.0 = Debug|Any CPU
		{FEDC7CCC-E2EB-437E-BC47-E7F58521654E}.Debug|x86.ActiveCfg = Debug|Any CPU
		{FEDC7CCC-E2EB-437E-BC47-E7F58521654E}.Release|.NET.ActiveCfg = Release|Any CPU
		{FEDC7CCC-E2EB-437E-BC47-E7F58521654E}.Release|Any CPU.ActiveCfg = Release|Any CPU
		{FEDC7CCC-E2EB-437E-BC47-E7F58521654E}.Release|Any CPU.Build.0 = Release|Any CPU
		{FEDC7CCC-E2EB-437E-BC47-E7F58521654E}.Release|Mixed Platforms.ActiveCfg = Release|Any CPU
		{FEDC7CCC-E2EB-437E-BC47-E7F58521654E}.Release|Mixed Platforms.Build.0 = Release|Any CPU
		{FEDC7CCC-E2EB-437E-BC47-E7F58521654E}.Release|x86.ActiveCfg = Release|Any CPU
		{DF799FC1-FA48-419B-8D43-CD016C4B9DF6}.Debug|.NET.ActiveCfg = Debug|Any CPU
		{DF799FC1-FA48-419B-8D43-CD016C4B9DF6}.Debug|Any CPU.ActiveCfg = Debug|Any CPU
		{DF799FC1-FA48-419B-8D43-CD016C4B9DF6}.Debug|Any CPU.Build.0 = Debug|Any CPU
		{DF799FC1-FA48-419B-8D43-CD016C4B9DF6}.Debug|Mixed Platforms.ActiveCfg = Debug|Any CPU
		{DF799FC1-FA48-419B-8D43-CD016C4B9DF6}.Debug|Mixed Platforms.Build.0 = Debug|Any CPU
		{DF799FC1-FA48-419B-8D43-CD016C4B9DF6}.Debug|x86.ActiveCfg = Debug|Any CPU
		{DF799FC1-FA48-419B-8D43-CD016C4B9DF6}.Release|.NET.ActiveCfg = Release|Any CPU
		{DF799FC1-FA48-419B-8D43-CD016C4B9DF6}.Release|Any CPU.ActiveCfg = Release|Any CPU
		{DF799FC1-FA48-419B-8D43-CD016C4B9DF6}.Release|Any CPU.Build.0 = Release|Any CPU
		{DF799FC1-FA48-419B-8D43-CD016C4B9DF6}.Release|Mixed Platforms.ActiveCfg = Release|Any CPU
		{DF799FC1-FA48-419B-8D43-CD016C4B9DF6}.Release|Mixed Platforms.Build.0 = Release|Any CPU
		{DF799FC1-FA48-419B-8D43-CD016C4B9DF6}.Release|x86.ActiveCfg = Release|Any CPU
		{2BF814B1-974A-4F3A-8D87-9EB70AD7F078}.Debug|.NET.ActiveCfg = Debug|Any CPU
		{2BF814B1-974A-4F3A-8D87-9EB70AD7F078}.Debug|Any CPU.ActiveCfg = Debug|Any CPU
		{2BF814B1-974A-4F3A-8D87-9EB70AD7F078}.Debug|Any CPU.Build.0 = Debug|Any CPU
		{2BF814B1-974A-4F3A-8D87-9EB70AD7F078}.Debug|Mixed Platforms.ActiveCfg = Debug|Any CPU
		{2BF814B1-974A-4F3A-8D87-9EB70AD7F078}.Debug|Mixed Platforms.Build.0 = Debug|Any CPU
		{2BF814B1-974A-4F3A-8D87-9EB70AD7F078}.Debug|x86.ActiveCfg = Debug|Any CPU
		{2BF814B1-974A-4F3A-8D87-9EB70AD7F078}.Release|.NET.ActiveCfg = Release|Any CPU
		{2BF814B1-974A-4F3A-8D87-9EB70AD7F078}.Release|Any CPU.ActiveCfg = Release|Any CPU
		{2BF814B1-974A-4F3A-8D87-9EB70AD7F078}.Release|Any CPU.Build.0 = Release|Any CPU
		{2BF814B1-974A-4F3A-8D87-9EB70AD7F078}.Release|Mixed Platforms.ActiveCfg = Release|Any CPU
		{2BF814B1-974A-4F3A-8D87-9EB70AD7F078}.Release|Mixed Platforms.Build.0 = Release|Any CPU
		{2BF814B1-974A-4F3A-8D87-9EB70AD7F078}.Release|x86.ActiveCfg = Release|Any CPU
		{9B6F62B4-44C3-4D21-A9B6-8C013771846B}.Debug|.NET.ActiveCfg = Debug|Any CPU
		{9B6F62B4-44C3-4D21-A9B6-8C013771846B}.Debug|Any CPU.ActiveCfg = Debug|Any CPU
		{9B6F62B4-44C3-4D21-A9B6-8C013771846B}.Debug|Any CPU.Build.0 = Debug|Any CPU
		{9B6F62B4-44C3-4D21-A9B6-8C013771846B}.Debug|Mixed Platforms.ActiveCfg = Debug|Any CPU
		{9B6F62B4-44C3-4D21-A9B6-8C013771846B}.Debug|Mixed Platforms.Build.0 = Debug|Any CPU
		{9B6F62B4-44C3-4D21-A9B6-8C013771846B}.Debug|x86.ActiveCfg = Debug|Any CPU
		{9B6F62B4-44C3-4D21-A9B6-8C013771846B}.Release|.NET.ActiveCfg = Release|Any CPU
		{9B6F62B4-44C3-4D21-A9B6-8C013771846B}.Release|Any CPU.ActiveCfg = Release|Any CPU
		{9B6F62B4-44C3-4D21-A9B6-8C013771846B}.Release|Any CPU.Build.0 = Release|Any CPU
		{9B6F62B4-44C3-4D21-A9B6-8C013771846B}.Release|Mixed Platforms.ActiveCfg = Release|Any CPU
		{9B6F62B4-44C3-4D21-A9B6-8C013771846B}.Release|Mixed Platforms.Build.0 = Release|Any CPU
		{9B6F62B4-44C3-4D21-A9B6-8C013771846B}.Release|x86.ActiveCfg = Release|Any CPU
		{37CCB411-9F75-4DD2-ADC8-F15369C4C457}.Debug|.NET.ActiveCfg = Debug|Any CPU
		{37CCB411-9F75-4DD2-ADC8-F15369C4C457}.Debug|Any CPU.ActiveCfg = Debug|Any CPU
		{37CCB411-9F75-4DD2-ADC8-F15369C4C457}.Debug|Any CPU.Build.0 = Debug|Any CPU
		{37CCB411-9F75-4DD2-ADC8-F15369C4C457}.Debug|Mixed Platforms.ActiveCfg = Debug|Any CPU
		{37CCB411-9F75-4DD2-ADC8-F15369C4C457}.Debug|Mixed Platforms.Build.0 = Debug|Any CPU
		{37CCB411-9F75-4DD2-ADC8-F15369C4C457}.Debug|x86.ActiveCfg = Debug|Any CPU
		{37CCB411-9F75-4DD2-ADC8-F15369C4C457}.Release|.NET.ActiveCfg = Release|Any CPU
		{37CCB411-9F75-4DD2-ADC8-F15369C4C457}.Release|Any CPU.ActiveCfg = Release|Any CPU
		{37CCB411-9F75-4DD2-ADC8-F15369C4C457}.Release|Any CPU.Build.0 = Release|Any CPU
		{37CCB411-9F75-4DD2-ADC8-F15369C4C457}.Release|Mixed Platforms.ActiveCfg = Release|Any CPU
		{37CCB411-9F75-4DD2-ADC8-F15369C4C457}.Release|Mixed Platforms.Build.0 = Release|Any CPU
		{37CCB411-9F75-4DD2-ADC8-F15369C4C457}.Release|x86.ActiveCfg = Release|Any CPU
		{0BA1C14A-B63A-45BD-AFE7-CA35D52D801E}.Debug|.NET.ActiveCfg = Debug|Any CPU
		{0BA1C14A-B63A-45BD-AFE7-CA35D52D801E}.Debug|Any CPU.ActiveCfg = Debug|Any CPU
		{0BA1C14A-B63A-45BD-AFE7-CA35D52D801E}.Debug|Any CPU.Build.0 = Debug|Any CPU
		{0BA1C14A-B63A-45BD-AFE7-CA35D52D801E}.Debug|Mixed Platforms.ActiveCfg = Debug|Any CPU
		{0BA1C14A-B63A-45BD-AFE7-CA35D52D801E}.Debug|Mixed Platforms.Build.0 = Debug|Any CPU
		{0BA1C14A-B63A-45BD-AFE7-CA35D52D801E}.Debug|x86.ActiveCfg = Debug|Any CPU
		{0BA1C14A-B63A-45BD-AFE7-CA35D52D801E}.Release|.NET.ActiveCfg = Release|Any CPU
		{0BA1C14A-B63A-45BD-AFE7-CA35D52D801E}.Release|Any CPU.ActiveCfg = Release|Any CPU
		{0BA1C14A-B63A-45BD-AFE7-CA35D52D801E}.Release|Any CPU.Build.0 = Release|Any CPU
		{0BA1C14A-B63A-45BD-AFE7-CA35D52D801E}.Release|Mixed Platforms.ActiveCfg = Release|Any CPU
		{0BA1C14A-B63A-45BD-AFE7-CA35D52D801E}.Release|Mixed Platforms.Build.0 = Release|Any CPU
		{0BA1C14A-B63A-45BD-AFE7-CA35D52D801E}.Release|x86.ActiveCfg = Release|Any CPU
		{5F3E6386-7323-4945-8F59-DB339181450B}.Debug|.NET.ActiveCfg = Debug|Any CPU
		{5F3E6386-7323-4945-8F59-DB339181450B}.Debug|Any CPU.ActiveCfg = Debug|Any CPU
		{5F3E6386-7323-4945-8F59-DB339181450B}.Debug|Any CPU.Build.0 = Debug|Any CPU
		{5F3E6386-7323-4945-8F59-DB339181450B}.Debug|Mixed Platforms.ActiveCfg = Debug|Any CPU
		{5F3E6386-7323-4945-8F59-DB339181450B}.Debug|Mixed Platforms.Build.0 = Debug|Any CPU
		{5F3E6386-7323-4945-8F59-DB339181450B}.Debug|x86.ActiveCfg = Debug|Any CPU
		{5F3E6386-7323-4945-8F59-DB339181450B}.Release|.NET.ActiveCfg = Release|Any CPU
		{5F3E6386-7323-4945-8F59-DB339181450B}.Release|Any CPU.ActiveCfg = Release|Any CPU
		{5F3E6386-7323-4945-8F59-DB339181450B}.Release|Any CPU.Build.0 = Release|Any CPU
		{5F3E6386-7323-4945-8F59-DB339181450B}.Release|Mixed Platforms.ActiveCfg = Release|Any CPU
		{5F3E6386-7323-4945-8F59-DB339181450B}.Release|Mixed Platforms.Build.0 = Release|Any CPU
		{5F3E6386-7323-4945-8F59-DB339181450B}.Release|x86.ActiveCfg = Release|Any CPU
		{9FC4B700-3C87-436A-9304-2A0FA364F351}.Debug|.NET.ActiveCfg = Debug|Any CPU
		{9FC4B700-3C87-436A-9304-2A0FA364F351}.Debug|Any CPU.ActiveCfg = Debug|Any CPU
		{9FC4B700-3C87-436A-9304-2A0FA364F351}.Debug|Any CPU.Build.0 = Debug|Any CPU
		{9FC4B700-3C87-436A-9304-2A0FA364F351}.Debug|Mixed Platforms.ActiveCfg = Debug|Any CPU
		{9FC4B700-3C87-436A-9304-2A0FA364F351}.Debug|Mixed Platforms.Build.0 = Debug|Any CPU
		{9FC4B700-3C87-436A-9304-2A0FA364F351}.Debug|x86.ActiveCfg = Debug|Any CPU
		{9FC4B700-3C87-436A-9304-2A0FA364F351}.Release|.NET.ActiveCfg = Release|Any CPU
		{9FC4B700-3C87-436A-9304-2A0FA364F351}.Release|Any CPU.ActiveCfg = Release|Any CPU
		{9FC4B700-3C87-436A-9304-2A0FA364F351}.Release|Any CPU.Build.0 = Release|Any CPU
		{9FC4B700-3C87-436A-9304-2A0FA364F351}.Release|Mixed Platforms.ActiveCfg = Release|Any CPU
		{9FC4B700-3C87-436A-9304-2A0FA364F351}.Release|Mixed Platforms.Build.0 = Release|Any CPU
		{9FC4B700-3C87-436A-9304-2A0FA364F351}.Release|x86.ActiveCfg = Release|Any CPU
		{BB47E5CD-55C3-4298-9497-0982E3281F88}.Debug|.NET.ActiveCfg = Debug|Any CPU
		{BB47E5CD-55C3-4298-9497-0982E3281F88}.Debug|Any CPU.ActiveCfg = Debug|Any CPU
		{BB47E5CD-55C3-4298-9497-0982E3281F88}.Debug|Any CPU.Build.0 = Debug|Any CPU
		{BB47E5CD-55C3-4298-9497-0982E3281F88}.Debug|Mixed Platforms.ActiveCfg = Debug|Any CPU
		{BB47E5CD-55C3-4298-9497-0982E3281F88}.Debug|Mixed Platforms.Build.0 = Debug|Any CPU
		{BB47E5CD-55C3-4298-9497-0982E3281F88}.Debug|x86.ActiveCfg = Debug|Any CPU
		{BB47E5CD-55C3-4298-9497-0982E3281F88}.Release|.NET.ActiveCfg = Release|Any CPU
		{BB47E5CD-55C3-4298-9497-0982E3281F88}.Release|Any CPU.ActiveCfg = Release|Any CPU
		{BB47E5CD-55C3-4298-9497-0982E3281F88}.Release|Any CPU.Build.0 = Release|Any CPU
		{BB47E5CD-55C3-4298-9497-0982E3281F88}.Release|Mixed Platforms.ActiveCfg = Release|Any CPU
		{BB47E5CD-55C3-4298-9497-0982E3281F88}.Release|Mixed Platforms.Build.0 = Release|Any CPU
		{BB47E5CD-55C3-4298-9497-0982E3281F88}.Release|x86.ActiveCfg = Release|Any CPU
		{25CAF494-D917-4ED7-BDE8-9A68FC927B81}.Debug|.NET.ActiveCfg = Debug|Any CPU
		{25CAF494-D917-4ED7-BDE8-9A68FC927B81}.Debug|Any CPU.ActiveCfg = Debug|Any CPU
		{25CAF494-D917-4ED7-BDE8-9A68FC927B81}.Debug|Any CPU.Build.0 = Debug|Any CPU
		{25CAF494-D917-4ED7-BDE8-9A68FC927B81}.Debug|Mixed Platforms.ActiveCfg = Debug|Any CPU
		{25CAF494-D917-4ED7-BDE8-9A68FC927B81}.Debug|Mixed Platforms.Build.0 = Debug|Any CPU
		{25CAF494-D917-4ED7-BDE8-9A68FC927B81}.Debug|x86.ActiveCfg = Debug|Any CPU
		{25CAF494-D917-4ED7-BDE8-9A68FC927B81}.Release|.NET.ActiveCfg = Release|Any CPU
		{25CAF494-D917-4ED7-BDE8-9A68FC927B81}.Release|Any CPU.ActiveCfg = Release|Any CPU
		{25CAF494-D917-4ED7-BDE8-9A68FC927B81}.Release|Any CPU.Build.0 = Release|Any CPU
		{25CAF494-D917-4ED7-BDE8-9A68FC927B81}.Release|Mixed Platforms.ActiveCfg = Release|Any CPU
		{25CAF494-D917-4ED7-BDE8-9A68FC927B81}.Release|Mixed Platforms.Build.0 = Release|Any CPU
		{25CAF494-D917-4ED7-BDE8-9A68FC927B81}.Release|x86.ActiveCfg = Release|Any CPU
		{B5A923AB-06D8-4A60-8B55-A6D293F4062F}.Debug|.NET.ActiveCfg = Debug|Any CPU
		{B5A923AB-06D8-4A60-8B55-A6D293F4062F}.Debug|Any CPU.ActiveCfg = Debug|Any CPU
		{B5A923AB-06D8-4A60-8B55-A6D293F4062F}.Debug|Any CPU.Build.0 = Debug|Any CPU
		{B5A923AB-06D8-4A60-8B55-A6D293F4062F}.Debug|Mixed Platforms.ActiveCfg = Debug|Any CPU
		{B5A923AB-06D8-4A60-8B55-A6D293F4062F}.Debug|Mixed Platforms.Build.0 = Debug|Any CPU
		{B5A923AB-06D8-4A60-8B55-A6D293F4062F}.Debug|x86.ActiveCfg = Debug|Any CPU
		{B5A923AB-06D8-4A60-8B55-A6D293F4062F}.Release|.NET.ActiveCfg = Release|Any CPU
		{B5A923AB-06D8-4A60-8B55-A6D293F4062F}.Release|Any CPU.ActiveCfg = Release|Any CPU
		{B5A923AB-06D8-4A60-8B55-A6D293F4062F}.Release|Any CPU.Build.0 = Release|Any CPU
		{B5A923AB-06D8-4A60-8B55-A6D293F4062F}.Release|Mixed Platforms.ActiveCfg = Release|Any CPU
		{B5A923AB-06D8-4A60-8B55-A6D293F4062F}.Release|Mixed Platforms.Build.0 = Release|Any CPU
		{B5A923AB-06D8-4A60-8B55-A6D293F4062F}.Release|x86.ActiveCfg = Release|Any CPU
		{998A873D-959C-475C-ABB8-8163107F9D37}.Debug|.NET.ActiveCfg = Debug|Any CPU
		{998A873D-959C-475C-ABB8-8163107F9D37}.Debug|Any CPU.ActiveCfg = Debug|Any CPU
		{998A873D-959C-475C-ABB8-8163107F9D37}.Debug|Any CPU.Build.0 = Debug|Any CPU
		{998A873D-959C-475C-ABB8-8163107F9D37}.Debug|Mixed Platforms.ActiveCfg = Debug|Any CPU
		{998A873D-959C-475C-ABB8-8163107F9D37}.Debug|Mixed Platforms.Build.0 = Debug|Any CPU
		{998A873D-959C-475C-ABB8-8163107F9D37}.Debug|x86.ActiveCfg = Debug|Any CPU
		{998A873D-959C-475C-ABB8-8163107F9D37}.Release|.NET.ActiveCfg = Release|Any CPU
		{998A873D-959C-475C-ABB8-8163107F9D37}.Release|Any CPU.ActiveCfg = Release|Any CPU
		{998A873D-959C-475C-ABB8-8163107F9D37}.Release|Any CPU.Build.0 = Release|Any CPU
		{998A873D-959C-475C-ABB8-8163107F9D37}.Release|Mixed Platforms.ActiveCfg = Release|Any CPU
		{998A873D-959C-475C-ABB8-8163107F9D37}.Release|Mixed Platforms.Build.0 = Release|Any CPU
		{998A873D-959C-475C-ABB8-8163107F9D37}.Release|x86.ActiveCfg = Release|Any CPU
		{D0D0007C-9F91-47AD-85A2-EFA65BF07857}.Debug|.NET.ActiveCfg = Debug|Any CPU
		{D0D0007C-9F91-47AD-85A2-EFA65BF07857}.Debug|Any CPU.ActiveCfg = Debug|Any CPU
		{D0D0007C-9F91-47AD-85A2-EFA65BF07857}.Debug|Any CPU.Build.0 = Debug|Any CPU
		{D0D0007C-9F91-47AD-85A2-EFA65BF07857}.Debug|Mixed Platforms.ActiveCfg = Debug|Any CPU
		{D0D0007C-9F91-47AD-85A2-EFA65BF07857}.Debug|Mixed Platforms.Build.0 = Debug|Any CPU
		{D0D0007C-9F91-47AD-85A2-EFA65BF07857}.Debug|x86.ActiveCfg = Debug|Any CPU
		{D0D0007C-9F91-47AD-85A2-EFA65BF07857}.Release|.NET.ActiveCfg = Release|Any CPU
		{D0D0007C-9F91-47AD-85A2-EFA65BF07857}.Release|Any CPU.ActiveCfg = Release|Any CPU
		{D0D0007C-9F91-47AD-85A2-EFA65BF07857}.Release|Any CPU.Build.0 = Release|Any CPU
		{D0D0007C-9F91-47AD-85A2-EFA65BF07857}.Release|Mixed Platforms.ActiveCfg = Release|Any CPU
		{D0D0007C-9F91-47AD-85A2-EFA65BF07857}.Release|Mixed Platforms.Build.0 = Release|Any CPU
		{D0D0007C-9F91-47AD-85A2-EFA65BF07857}.Release|x86.ActiveCfg = Release|Any CPU
		{76134DF9-E3D7-4C02-BF91-2EA2F56F1F04}.Debug|.NET.ActiveCfg = Debug|Any CPU
		{76134DF9-E3D7-4C02-BF91-2EA2F56F1F04}.Debug|Any CPU.ActiveCfg = Debug|Any CPU
		{76134DF9-E3D7-4C02-BF91-2EA2F56F1F04}.Debug|Any CPU.Build.0 = Debug|Any CPU
		{76134DF9-E3D7-4C02-BF91-2EA2F56F1F04}.Debug|Mixed Platforms.ActiveCfg = Debug|Any CPU
		{76134DF9-E3D7-4C02-BF91-2EA2F56F1F04}.Debug|Mixed Platforms.Build.0 = Debug|Any CPU
		{76134DF9-E3D7-4C02-BF91-2EA2F56F1F04}.Debug|x86.ActiveCfg = Debug|Any CPU
		{76134DF9-E3D7-4C02-BF91-2EA2F56F1F04}.Release|.NET.ActiveCfg = Release|Any CPU
		{76134DF9-E3D7-4C02-BF91-2EA2F56F1F04}.Release|Any CPU.ActiveCfg = Release|Any CPU
		{76134DF9-E3D7-4C02-BF91-2EA2F56F1F04}.Release|Any CPU.Build.0 = Release|Any CPU
		{76134DF9-E3D7-4C02-BF91-2EA2F56F1F04}.Release|Mixed Platforms.ActiveCfg = Release|Any CPU
		{76134DF9-E3D7-4C02-BF91-2EA2F56F1F04}.Release|Mixed Platforms.Build.0 = Release|Any CPU
		{76134DF9-E3D7-4C02-BF91-2EA2F56F1F04}.Release|x86.ActiveCfg = Release|Any CPU
		{460F4EEF-6FD2-491D-8927-41BBEA52F095}.Debug|.NET.ActiveCfg = Debug|Any CPU
		{460F4EEF-6FD2-491D-8927-41BBEA52F095}.Debug|Any CPU.ActiveCfg = Debug|Any CPU
		{460F4EEF-6FD2-491D-8927-41BBEA52F095}.Debug|Any CPU.Build.0 = Debug|Any CPU
		{460F4EEF-6FD2-491D-8927-41BBEA52F095}.Debug|Mixed Platforms.ActiveCfg = Debug|Any CPU
		{460F4EEF-6FD2-491D-8927-41BBEA52F095}.Debug|Mixed Platforms.Build.0 = Debug|Any CPU
		{460F4EEF-6FD2-491D-8927-41BBEA52F095}.Debug|x86.ActiveCfg = Debug|Any CPU
		{460F4EEF-6FD2-491D-8927-41BBEA52F095}.Release|.NET.ActiveCfg = Release|Any CPU
		{460F4EEF-6FD2-491D-8927-41BBEA52F095}.Release|Any CPU.ActiveCfg = Release|Any CPU
		{460F4EEF-6FD2-491D-8927-41BBEA52F095}.Release|Any CPU.Build.0 = Release|Any CPU
		{460F4EEF-6FD2-491D-8927-41BBEA52F095}.Release|Mixed Platforms.ActiveCfg = Release|Any CPU
		{460F4EEF-6FD2-491D-8927-41BBEA52F095}.Release|Mixed Platforms.Build.0 = Release|Any CPU
		{460F4EEF-6FD2-491D-8927-41BBEA52F095}.Release|x86.ActiveCfg = Release|Any CPU
		{8BD2D3FC-0093-4B18-A480-B26EF58C6EA4}.Debug|.NET.ActiveCfg = Debug|Any CPU
		{8BD2D3FC-0093-4B18-A480-B26EF58C6EA4}.Debug|Any CPU.ActiveCfg = Debug|Any CPU
		{8BD2D3FC-0093-4B18-A480-B26EF58C6EA4}.Debug|Any CPU.Build.0 = Debug|Any CPU
		{8BD2D3FC-0093-4B18-A480-B26EF58C6EA4}.Debug|Mixed Platforms.ActiveCfg = Debug|Any CPU
		{8BD2D3FC-0093-4B18-A480-B26EF58C6EA4}.Debug|Mixed Platforms.Build.0 = Debug|Any CPU
		{8BD2D3FC-0093-4B18-A480-B26EF58C6EA4}.Debug|x86.ActiveCfg = Debug|Any CPU
		{8BD2D3FC-0093-4B18-A480-B26EF58C6EA4}.Release|.NET.ActiveCfg = Release|Any CPU
		{8BD2D3FC-0093-4B18-A480-B26EF58C6EA4}.Release|Any CPU.ActiveCfg = Release|Any CPU
		{8BD2D3FC-0093-4B18-A480-B26EF58C6EA4}.Release|Any CPU.Build.0 = Release|Any CPU
		{8BD2D3FC-0093-4B18-A480-B26EF58C6EA4}.Release|Mixed Platforms.ActiveCfg = Release|Any CPU
		{8BD2D3FC-0093-4B18-A480-B26EF58C6EA4}.Release|Mixed Platforms.Build.0 = Release|Any CPU
		{8BD2D3FC-0093-4B18-A480-B26EF58C6EA4}.Release|x86.ActiveCfg = Release|Any CPU
	EndGlobalSection
	GlobalSection(SolutionProperties) = preSolution
		HideSolutionNode = FALSE
	EndGlobalSection
	GlobalSection(NestedProjects) = preSolution
		{B2AC6C0E-1121-4242-A6FE-39606EF7C694} = {D52097BF-901D-4D61-B9C0-1F7A407F9A14}
		{E48E8E78-D351-46B5-BC48-C4C82D2CD998} = {D52097BF-901D-4D61-B9C0-1F7A407F9A14}
		{45C63EB2-DD92-4FD1-BFF6-A447629C3CF6} = {D52097BF-901D-4D61-B9C0-1F7A407F9A14}
		{E857A5B5-FE51-402C-B6ED-B8094B2FD53A} = {D52097BF-901D-4D61-B9C0-1F7A407F9A14}
		{79045B32-6AFF-4418-8236-EE89F0430CFD} = {D52097BF-901D-4D61-B9C0-1F7A407F9A14}
		{91F5A411-031C-49D9-9743-F3DED1333F58} = {D52097BF-901D-4D61-B9C0-1F7A407F9A14}
		{35343C16-DB5B-48A5-8969-EE8A75AB9C20} = {D52097BF-901D-4D61-B9C0-1F7A407F9A14}
		{EBE971CD-3199-4DF0-AF56-2AC5DBD2F470} = {D52097BF-901D-4D61-B9C0-1F7A407F9A14}
		{4259FE84-FEAA-48E0-B8A4-D502800F444B} = {D52097BF-901D-4D61-B9C0-1F7A407F9A14}
		{0E1478F4-3DB5-4ABF-BB66-578B58AC9E88} = {D52097BF-901D-4D61-B9C0-1F7A407F9A14}
		{A0C22DDC-773C-4AFE-B46D-4BEE8CA97E74} = {D52097BF-901D-4D61-B9C0-1F7A407F9A14}
		{0BA1C14A-B63A-45BD-AFE7-CA35D52D801E} = {D52097BF-901D-4D61-B9C0-1F7A407F9A14}
		{5F3E6386-7323-4945-8F59-DB339181450B} = {D52097BF-901D-4D61-B9C0-1F7A407F9A14}
		{BBCB33C3-B583-4C7C-AA7B-D3F3ABF9304A} = {EBE971CD-3199-4DF0-AF56-2AC5DBD2F470}
		{3D988AF7-2E86-4AA0-9CB4-DFEC89548D9C} = {EBE971CD-3199-4DF0-AF56-2AC5DBD2F470}
		{9FC4B700-3C87-436A-9304-2A0FA364F351} = {EBE971CD-3199-4DF0-AF56-2AC5DBD2F470}
		{998A873D-959C-475C-ABB8-8163107F9D37} = {EBE971CD-3199-4DF0-AF56-2AC5DBD2F470}
		{AFA0EBEE-CC1B-402A-8357-17E9AC5D2385} = {4259FE84-FEAA-48E0-B8A4-D502800F444B}
		{EDD94978-8A6A-448C-8384-28AEFAAE1AAB} = {4259FE84-FEAA-48E0-B8A4-D502800F444B}
		{9B6F62B4-44C3-4D21-A9B6-8C013771846B} = {4259FE84-FEAA-48E0-B8A4-D502800F444B}
		{BB47E5CD-55C3-4298-9497-0982E3281F88} = {4259FE84-FEAA-48E0-B8A4-D502800F444B}
		{D0D0007C-9F91-47AD-85A2-EFA65BF07857} = {4259FE84-FEAA-48E0-B8A4-D502800F444B}
		{BF91A3B8-80CA-4E04-844E-D7B4CE1F8F02} = {0E1478F4-3DB5-4ABF-BB66-578B58AC9E88}
		{F379870C-50DE-47BF-BD49-9A8F60FCF501} = {0E1478F4-3DB5-4ABF-BB66-578B58AC9E88}
		{2BF814B1-974A-4F3A-8D87-9EB70AD7F078} = {0E1478F4-3DB5-4ABF-BB66-578B58AC9E88}
		{25CAF494-D917-4ED7-BDE8-9A68FC927B81} = {0E1478F4-3DB5-4ABF-BB66-578B58AC9E88}
		{76134DF9-E3D7-4C02-BF91-2EA2F56F1F04} = {0E1478F4-3DB5-4ABF-BB66-578B58AC9E88}
		{FEDC7CCC-E2EB-437E-BC47-E7F58521654E} = {A0C22DDC-773C-4AFE-B46D-4BEE8CA97E74}
		{DF799FC1-FA48-419B-8D43-CD016C4B9DF6} = {A0C22DDC-773C-4AFE-B46D-4BEE8CA97E74}
		{37CCB411-9F75-4DD2-ADC8-F15369C4C457} = {A0C22DDC-773C-4AFE-B46D-4BEE8CA97E74}
		{B5A923AB-06D8-4A60-8B55-A6D293F4062F} = {A0C22DDC-773C-4AFE-B46D-4BEE8CA97E74}
		{460F4EEF-6FD2-491D-8927-41BBEA52F095} = {0834630D-CEFE-4E6B-992F-5233999DE4A2}
		{8BD2D3FC-0093-4B18-A480-B26EF58C6EA4} = {0834630D-CEFE-4E6B-992F-5233999DE4A2}
	EndGlobalSection
EndGlobal
